{
  "version": 4,
  "terraform_version": "1.9.5",
  "serial": 29,
  "lineage": "a130ae18-11fc-cabf-490a-0a419a2ce6a0",
  "outputs": {},
  "resources": [
    {
      "mode": "managed",
      "type": "google_bigquery_dataset",
      "name": "default",
      "provider": "provider[\"registry.terraform.io/hashicorp/google\"]",
      "instances": [
        {
          "schema_version": 0,
          "attributes": {
            "access": [
              {
                "dataset": [],
                "domain": "",
                "group_by_email": "",
                "iam_member": "",
                "role": "OWNER",
                "routine": [],
                "special_group": "",
                "user_by_email": "deploy@grounded-primer-436816-b5.iam.gserviceaccount.com",
                "view": []
              },
              {
                "dataset": [],
                "domain": "",
                "group_by_email": "",
                "iam_member": "",
                "role": "OWNER",
                "routine": [],
                "special_group": "projectOwners",
                "user_by_email": "",
                "view": []
              },
              {
                "dataset": [],
                "domain": "",
                "group_by_email": "",
                "iam_member": "",
                "role": "READER",
                "routine": [],
                "special_group": "projectReaders",
                "user_by_email": "",
                "view": []
              },
              {
                "dataset": [],
                "domain": "",
                "group_by_email": "",
                "iam_member": "",
                "role": "WRITER",
                "routine": [],
                "special_group": "projectWriters",
                "user_by_email": "",
                "view": []
              }
            ],
            "creation_time": 1727828908377,
            "dataset_id": "DatasetCurso",
            "default_collation": "",
            "default_encryption_configuration": [],
            "default_partition_expiration_ms": 0,
            "default_table_expiration_ms": 3600000,
            "delete_contents_on_destroy": false,
            "description": "This is a test description",
            "effective_labels": {
              "env": "default",
              "goog-terraform-provisioned": "true"
            },
            "etag": "KJCzyQrIMDjLhePW2Hy+SA==",
            "external_dataset_reference": [],
            "friendly_name": "test",
            "id": "projects/grounded-primer-436816-b5/datasets/DatasetCurso",
            "is_case_insensitive": false,
            "labels": {
              "env": "default"
            },
            "last_modified_time": 1727828908377,
            "location": "EU",
            "max_time_travel_hours": "168",
            "project": "grounded-primer-436816-b5",
            "resource_tags": {},
            "self_link": "https://bigquery.googleapis.com/bigquery/v2/projects/grounded-primer-436816-b5/datasets/DatasetCurso",
            "storage_billing_model": "",
            "terraform_labels": {
              "env": "default",
              "goog-terraform-provisioned": "true"
            },
            "timeouts": null
          },
          "sensitive_attributes": [],
          "private": "eyJlMmJmYjczMC1lY2FhLTExZTYtOGY4OC0zNDM2M2JjN2M0YzAiOnsiY3JlYXRlIjoxMjAwMDAwMDAwMDAwLCJkZWxldGUiOjEyMDAwMDAwMDAwMDAsInVwZGF0ZSI6MTIwMDAwMDAwMDAwMH19"
        }
      ]
    },
    {
      "mode": "managed",
      "type": "google_bigquery_table",
      "name": "default",
      "provider": "provider[\"registry.terraform.io/hashicorp/google\"]",
      "instances": [
        {
          "schema_version": 0,
          "attributes": {
            "biglake_configuration": [],
            "clustering": null,
            "creation_time": 1727832745736,
            "dataset_id": "DatasetCurso",
            "deletion_protection": false,
            "description": "",
            "effective_labels": {
              "env": "default",
              "goog-terraform-provisioned": "true"
            },
            "encryption_configuration": [],
            "etag": "lOMOO832t8bvbBs6zx/WqQ==",
            "expiration_time": 1727836345736,
            "external_data_configuration": [],
            "friendly_name": "",
            "id": "projects/grounded-primer-436816-b5/datasets/DatasetCurso/tables/Estudiantes-curso",
            "labels": {
              "env": "default"
            },
            "last_modified_time": 1727832745784,
            "location": "EU",
            "materialized_view": [],
            "max_staleness": "",
            "num_bytes": 0,
            "num_long_term_bytes": 0,
            "num_rows": 0,
            "project": "grounded-primer-436816-b5",
            "range_partitioning": [],
            "require_partition_filter": false,
            "resource_tags": {},
            "schema": "[{\"description\":\"un id\",\"mode\":\"NULLABLE\",\"name\":\"id\",\"type\":\"STRING\"},{\"description\":\"el nombre\",\"mode\":\"NULLABLE\",\"name\":\"Nombre\",\"type\":\"STRING\"}]",
            "self_link": "https://bigquery.googleapis.com/bigquery/v2/projects/grounded-primer-436816-b5/datasets/DatasetCurso/tables/Estudiantes-curso",
            "table_constraints": [],
            "table_id": "Estudiantes-curso",
            "table_replication_info": [],
            "terraform_labels": {
              "env": "default",
              "goog-terraform-provisioned": "true"
            },
            "time_partitioning": [],
            "type": "TABLE",
            "view": []
          },
          "sensitive_attributes": [],
          "private": "bnVsbA==",
          "dependencies": [
            "google_bigquery_dataset.default"
          ]
        }
      ]
    },
    {
      "mode": "managed",
      "type": "google_cloudfunctions_function",
      "name": "function",
      "provider": "provider[\"registry.terraform.io/hashicorp/google\"]",
      "instances": [
        {
          "schema_version": 0,
          "attributes": {
            "available_memory_mb": 128,
            "build_environment_variables": null,
            "build_service_account": "projects/grounded-primer-436816-b5/serviceAccounts/98501799338-compute@developer.gserviceaccount.com",
            "build_worker_pool": "",
            "description": "My function",
            "docker_registry": "ARTIFACT_REGISTRY",
            "docker_repository": "",
            "effective_labels": {
              "goog-terraform-provisioned": "true"
            },
            "entry_point": "hello_http",
            "environment_variables": {},
            "event_trigger": [],
            "https_trigger_security_level": "SECURE_OPTIONAL",
            "https_trigger_url": "https://us-central1-grounded-primer-436816-b5.cloudfunctions.net/Lectura-bigquery",
            "id": "projects/grounded-primer-436816-b5/locations/us-central1/functions/Lectura-bigquery",
            "ingress_settings": "ALLOW_ALL",
            "kms_key_name": "",
            "labels": {},
            "max_instances": 0,
            "min_instances": 0,
            "name": "Lectura-bigquery",
            "project": "grounded-primer-436816-b5",
            "region": "us-central1",
            "runtime": "python310",
            "secret_environment_variables": [],
            "secret_volumes": [],
            "service_account_email": "grounded-primer-436816-b5@appspot.gserviceaccount.com",
            "source_archive_bucket": "bucket-clase-gcp-72348901536247590",
            "source_archive_object": "index.zip",
            "source_repository": [],
            "status": "ACTIVE",
            "terraform_labels": {
              "goog-terraform-provisioned": "true"
            },
            "timeout": 60,
            "timeouts": null,
            "trigger_http": true,
            "version_id": "1",
            "vpc_connector": "",
            "vpc_connector_egress_settings": ""
          },
          "sensitive_attributes": [],
          "private": "eyJlMmJmYjczMC1lY2FhLTExZTYtOGY4OC0zNDM2M2JjN2M0YzAiOnsiY3JlYXRlIjozMDAwMDAwMDAwMDAsImRlbGV0ZSI6MzAwMDAwMDAwMDAwLCJyZWFkIjozMDAwMDAwMDAwMDAsInVwZGF0ZSI6MzAwMDAwMDAwMDAwfX0=",
          "dependencies": [
            "google_storage_bucket.bucket",
            "google_storage_bucket_object.Lecturabigquery"
          ]
        }
      ]
    },
    {
      "mode": "managed",
      "type": "google_cloudfunctions_function",
      "name": "function2",
      "provider": "provider[\"registry.terraform.io/hashicorp/google\"]",
      "instances": [
        {
          "schema_version": 0,
          "attributes": {
            "available_memory_mb": 128,
            "build_environment_variables": null,
            "build_service_account": "projects/grounded-primer-436816-b5/serviceAccounts/98501799338-compute@developer.gserviceaccount.com",
            "build_worker_pool": "",
            "description": "My function",
            "docker_registry": "ARTIFACT_REGISTRY",
            "docker_repository": "",
            "effective_labels": {
              "goog-terraform-provisioned": "true"
            },
            "entry_point": "hello_http",
            "environment_variables": null,
            "event_trigger": [],
            "https_trigger_security_level": "SECURE_OPTIONAL",
            "https_trigger_url": "https://us-central1-grounded-primer-436816-b5.cloudfunctions.net/Escritura-bigquery",
            "id": "projects/grounded-primer-436816-b5/locations/us-central1/functions/Escritura-bigquery",
            "ingress_settings": "ALLOW_ALL",
            "kms_key_name": "",
            "labels": null,
            "max_instances": 0,
            "min_instances": 0,
            "name": "Escritura-bigquery",
            "project": "grounded-primer-436816-b5",
            "region": "us-central1",
            "runtime": "python310",
            "secret_environment_variables": [],
            "secret_volumes": [],
            "service_account_email": "grounded-primer-436816-b5@appspot.gserviceaccount.com",
            "source_archive_bucket": "bucket-clase-gcp-72348901536247590",
            "source_archive_object": "index2.zip",
            "source_repository": [],
            "status": "ACTIVE",
            "terraform_labels": {
              "goog-terraform-provisioned": "true"
            },
            "timeout": 60,
            "timeouts": null,
            "trigger_http": true,
            "version_id": "1",
            "vpc_connector": "",
            "vpc_connector_egress_settings": ""
          },
          "sensitive_attributes": [],
          "private": "eyJlMmJmYjczMC1lY2FhLTExZTYtOGY4OC0zNDM2M2JjN2M0YzAiOnsiY3JlYXRlIjozMDAwMDAwMDAwMDAsImRlbGV0ZSI6MzAwMDAwMDAwMDAwLCJyZWFkIjozMDAwMDAwMDAwMDAsInVwZGF0ZSI6MzAwMDAwMDAwMDAwfX0=",
          "dependencies": [
            "google_storage_bucket.bucket",
            "google_storage_bucket_object.Escriturabigquery"
          ]
        }
      ]
    },
    {
      "mode": "managed",
      "type": "google_cloudfunctions_function_iam_member",
      "name": "invoker",
      "provider": "provider[\"registry.terraform.io/hashicorp/google\"]",
      "instances": [
        {
          "schema_version": 0,
          "attributes": {
            "cloud_function": "projects/grounded-primer-436816-b5/locations/us-central1/functions/Lectura-bigquery",
            "condition": [],
            "etag": "BwYjc+VYak4=",
            "id": "projects/grounded-primer-436816-b5/locations/us-central1/functions/Lectura-bigquery/roles/cloudfunctions.invoker/allUsers",
            "member": "allUsers",
            "project": "grounded-primer-436816-b5",
            "region": "us-central1",
            "role": "roles/cloudfunctions.invoker"
          },
          "sensitive_attributes": [],
          "private": "bnVsbA==",
          "dependencies": [
            "google_cloudfunctions_function.function",
            "google_storage_bucket.bucket",
            "google_storage_bucket_object.Lecturabigquery"
          ]
        }
      ]
    },
    {
      "mode": "managed",
      "type": "google_cloudfunctions_function_iam_member",
      "name": "invoker2",
      "provider": "provider[\"registry.terraform.io/hashicorp/google\"]",
      "instances": [
        {
          "schema_version": 0,
          "attributes": {
            "cloud_function": "projects/grounded-primer-436816-b5/locations/us-central1/functions/Escritura-bigquery",
            "condition": [],
            "etag": "BwYjdKV8kH0=",
            "id": "projects/grounded-primer-436816-b5/locations/us-central1/functions/Escritura-bigquery/roles/cloudfunctions.invoker/allUsers",
            "member": "allUsers",
            "project": "grounded-primer-436816-b5",
            "region": "us-central1",
            "role": "roles/cloudfunctions.invoker"
          },
          "sensitive_attributes": [],
          "private": "bnVsbA==",
          "dependencies": [
            "google_cloudfunctions_function.function2",
            "google_storage_bucket.bucket",
            "google_storage_bucket_object.Escriturabigquery"
          ]
        }
      ]
    },
    {
      "mode": "managed",
      "type": "google_storage_bucket",
      "name": "bucket",
      "provider": "provider[\"registry.terraform.io/hashicorp/google\"]",
      "instances": [
        {
          "schema_version": 3,
          "attributes": {
            "autoclass": [],
            "cors": [],
            "custom_placement_config": [],
            "default_event_based_hold": false,
            "effective_labels": {
              "goog-terraform-provisioned": "true"
            },
            "enable_object_retention": false,
            "encryption": [],
            "force_destroy": false,
            "id": "bucket-clase-gcp-72348901536247590",
            "labels": {},
            "lifecycle_rule": [],
            "location": "US",
            "logging": [],
            "name": "bucket-clase-gcp-72348901536247590",
            "project": "grounded-primer-436816-b5",
            "project_number": 98501799338,
            "public_access_prevention": "inherited",
            "requester_pays": false,
            "retention_policy": [],
            "rpo": "DEFAULT",
            "self_link": "https://www.googleapis.com/storage/v1/b/bucket-clase-gcp-72348901536247590",
            "soft_delete_policy": [
              {
                "effective_time": "2024-10-02T00:53:28.468Z",
                "retention_duration_seconds": 604800
              }
            ],
            "storage_class": "STANDARD",
            "terraform_labels": {
              "goog-terraform-provisioned": "true"
            },
            "timeouts": null,
            "uniform_bucket_level_access": false,
            "url": "gs://bucket-clase-gcp-72348901536247590",
            "versioning": [],
            "website": []
          },
          "sensitive_attributes": [],
          "private": "eyJlMmJmYjczMC1lY2FhLTExZTYtOGY4OC0zNDM2M2JjN2M0YzAiOnsiY3JlYXRlIjo2MDAwMDAwMDAwMDAsInJlYWQiOjI0MDAwMDAwMDAwMCwidXBkYXRlIjoyNDAwMDAwMDAwMDB9LCJzY2hlbWFfdmVyc2lvbiI6IjMifQ=="
        }
      ]
    },
    {
      "mode": "managed",
      "type": "google_storage_bucket_object",
      "name": "Escriturabigquery",
      "provider": "provider[\"registry.terraform.io/hashicorp/google\"]",
      "instances": [
        {
          "schema_version": 0,
          "attributes": {
            "bucket": "bucket-clase-gcp-72348901536247590",
            "cache_control": "",
            "content": null,
            "content_disposition": "",
            "content_encoding": "",
            "content_language": "",
            "content_type": "application/zip",
            "crc32c": "Ft3UHQ==",
            "customer_encryption": [],
            "detect_md5hash": "S4am3F4sA7ETMLte1ikITg==",
            "event_based_hold": false,
            "generation": 1727833495290541,
            "id": "bucket-clase-gcp-72348901536247590-index2.zip",
            "kms_key_name": "",
            "md5hash": "S4am3F4sA7ETMLte1ikITg==",
            "media_link": "https://storage.googleapis.com/download/storage/v1/b/bucket-clase-gcp-72348901536247590/o/index2.zip?generation=1727833495290541\u0026alt=media",
            "metadata": {},
            "name": "index2.zip",
            "output_name": "index2.zip",
            "retention": [],
            "self_link": "https://www.googleapis.com/storage/v1/b/bucket-clase-gcp-72348901536247590/o/index2.zip",
            "source": "../backend/escritura-bigquery/index2.zip",
            "storage_class": "STANDARD",
            "temporary_hold": false,
            "timeouts": null
          },
          "sensitive_attributes": [
            [
              {
                "type": "get_attr",
                "value": "content"
              }
            ]
          ],
          "private": "eyJlMmJmYjczMC1lY2FhLTExZTYtOGY4OC0zNDM2M2JjN2M0YzAiOnsiY3JlYXRlIjoyNDAwMDAwMDAwMDAsImRlbGV0ZSI6MjQwMDAwMDAwMDAwLCJ1cGRhdGUiOjI0MDAwMDAwMDAwMH19",
          "dependencies": [
            "google_storage_bucket.bucket"
          ]
        }
      ]
    },
    {
      "mode": "managed",
      "type": "google_storage_bucket_object",
      "name": "Lecturabigquery",
      "provider": "provider[\"registry.terraform.io/hashicorp/google\"]",
      "instances": [
        {
          "schema_version": 0,
          "attributes": {
            "bucket": "bucket-clase-gcp-72348901536247590",
            "cache_control": "",
            "content": null,
            "content_disposition": "",
            "content_encoding": "",
            "content_language": "",
            "content_type": "application/zip",
            "crc32c": "GcAA2Q==",
            "customer_encryption": [],
            "detect_md5hash": "1PwUdIZsxLwhRg3vQm4Opg==",
            "event_based_hold": false,
            "generation": 1727830409249538,
            "id": "bucket-clase-gcp-72348901536247590-index.zip",
            "kms_key_name": "",
            "md5hash": "1PwUdIZsxLwhRg3vQm4Opg==",
            "media_link": "https://storage.googleapis.com/download/storage/v1/b/bucket-clase-gcp-72348901536247590/o/index.zip?generation=1727830409249538\u0026alt=media",
            "metadata": {},
            "name": "index.zip",
            "output_name": "index.zip",
            "retention": [],
            "self_link": "https://www.googleapis.com/storage/v1/b/bucket-clase-gcp-72348901536247590/o/index.zip",
            "source": "../backend/lectura-bigquery/index.zip",
            "storage_class": "STANDARD",
            "temporary_hold": false,
            "timeouts": null
          },
          "sensitive_attributes": [
            [
              {
                "type": "get_attr",
                "value": "content"
              }
            ]
          ],
          "private": "eyJlMmJmYjczMC1lY2FhLTExZTYtOGY4OC0zNDM2M2JjN2M0YzAiOnsiY3JlYXRlIjoyNDAwMDAwMDAwMDAsImRlbGV0ZSI6MjQwMDAwMDAwMDAwLCJ1cGRhdGUiOjI0MDAwMDAwMDAwMH19",
          "dependencies": [
            "google_storage_bucket.bucket"
          ]
        }
      ]
    }
  ],
  "check_results": null
}
